// !$*UTF8*$!
{
	archiveVersion = 1;
	classes = {
	};
	objectVersion = 77;
	objects = {

/* Begin PBXBuildFile section */
		0A1915EAF450C7A9FE283FF5 /* Utils.swift in Sources */ = {isa = PBXBuildFile; fileRef = 81F41884866BE44C41F86B26 /* Utils.swift */; };
		16FC0434FE03B339A628592F /* AuthManager.swift in Sources */ = {isa = PBXBuildFile; fileRef = 48FF2C38A48CF440FA4C0C69 /* AuthManager.swift */; };
		19BF4EAA0A0A2A47F2297088 /* SignInView.swift in Sources */ = {isa = PBXBuildFile; fileRef = 5C90FED95F231C9AA679D373 /* SignInView.swift */; };
		2C5F62381BD6D8B9E65691C2 /* CognitivePacingAtlasWatchApp.swift in Sources */ = {isa = PBXBuildFile; fileRef = CD6C2F0FA2E11B36E1721D4A /* CognitivePacingAtlasWatchApp.swift */; };
		2FE74ECF1B85B93DD9D2E5F3 /* ReactiveAlgorithm.swift in Sources */ = {isa = PBXBuildFile; fileRef = C62998DC41E689AE4FFB7F01 /* ReactiveAlgorithm.swift */; };
		4EC8D81AF63AC8166A701A0E /* CognitiveHub.swift in Sources */ = {isa = PBXBuildFile; fileRef = DD9924DC2C7EDAE981FB6D16 /* CognitiveHub.swift */; };
		5021E3A1CDF79F9FEF090493 /* MessageView.swift in Sources */ = {isa = PBXBuildFile; fileRef = CB715AF0E91950C6FEA0778F /* MessageView.swift */; };
		54830919FE4213258FAE4474 /* PreferencesStore.swift in Sources */ = {isa = PBXBuildFile; fileRef = 8FE28216E167830627E495E9 /* PreferencesStore.swift */; };
		5861EAF7D2C6FBA12A0049A8 /* SessionStore.swift in Sources */ = {isa = PBXBuildFile; fileRef = 72379A9EC20108D06B4C399E /* SessionStore.swift */; };
		70EF09B8E2476E440CC63E02 /* FirebaseAuth in Frameworks */ = {isa = PBXBuildFile; productRef = BB5947E97B210C9C18D293C6 /* FirebaseAuth */; };
		7305CF428165F808AB9EEE2B /* GoogleService-Info.plist in Resources */ = {isa = PBXBuildFile; fileRef = A9E809FB1AA6043C0FF7E24A /* GoogleService-Info.plist */; };
		758215475C137520028216F5 /* CrisisView.swift in Sources */ = {isa = PBXBuildFile; fileRef = BBD216AD4810975EFC9A029C /* CrisisView.swift */; };
		895A09CF8D3C83C2F0002A06 /* FirestoreREST.swift in Sources */ = {isa = PBXBuildFile; fileRef = 15210E6D3028B33439511519 /* FirestoreREST.swift */; };
		921371F3565889FF4B8207FE /* MapPageView.swift in Sources */ = {isa = PBXBuildFile; fileRef = 2A2D5A28FBE973A1D9AEB57D /* MapPageView.swift */; };
		B8F9DF2A7603D86EA97E4AEE /* FirestoreCoding.swift in Sources */ = {isa = PBXBuildFile; fileRef = 4C68B9C087CC43176FB99CD7 /* FirestoreCoding.swift */; };
		C0D9D864681676F22F61D02E /* PagerView.swift in Sources */ = {isa = PBXBuildFile; fileRef = 94836C450D3C6B4024EB8258 /* PagerView.swift */; };
		C1973B6FC73634C8ACAD466E /* TimeView.swift in Sources */ = {isa = PBXBuildFile; fileRef = F05F4CA7E3723689849414FE /* TimeView.swift */; };
		C8EBFE88958D180BF4B3D789 /* PacingAlgorithm.swift in Sources */ = {isa = PBXBuildFile; fileRef = 89D9252D978952332D13287F /* PacingAlgorithm.swift */; };
		E1879B3B13A7A75BAC32CB6F /* Assets.xcassets in Resources */ = {isa = PBXBuildFile; fileRef = DC5749CD0391E253B2F0DF4F /* Assets.xcassets */; };
		E66EF47F648B1E918645649F /* RootView.swift in Sources */ = {isa = PBXBuildFile; fileRef = 400BCD32DA07F62556F27774 /* RootView.swift */; };
/* End PBXBuildFile section */

/* Begin PBXFileReference section */
		15210E6D3028B33439511519 /* FirestoreREST.swift */ = {isa = PBXFileReference; lastKnownFileType = sourcecode.swift; path = FirestoreREST.swift; sourceTree = "<group>"; };
		2A2D5A28FBE973A1D9AEB57D /* MapPageView.swift */ = {isa = PBXFileReference; lastKnownFileType = sourcecode.swift; path = MapPageView.swift; sourceTree = "<group>"; };
		400BCD32DA07F62556F27774 /* RootView.swift */ = {isa = PBXFileReference; lastKnownFileType = sourcecode.swift; path = RootView.swift; sourceTree = "<group>"; };
		48FF2C38A48CF440FA4C0C69 /* AuthManager.swift */ = {isa = PBXFileReference; lastKnownFileType = sourcecode.swift; path = AuthManager.swift; sourceTree = "<group>"; };
		4C68B9C087CC43176FB99CD7 /* FirestoreCoding.swift */ = {isa = PBXFileReference; lastKnownFileType = sourcecode.swift; path = FirestoreCoding.swift; sourceTree = "<group>"; };
		56E094147D2B40F70EF39212 /* CognitivePacingAtlasWatch.app */ = {isa = PBXFileReference; explicitFileType = wrapper.application; includeInIndex = 0; path = CognitivePacingAtlasWatch.app; sourceTree = BUILT_PRODUCTS_DIR; };
		5C90FED95F231C9AA679D373 /* SignInView.swift */ = {isa = PBXFileReference; lastKnownFileType = sourcecode.swift; path = SignInView.swift; sourceTree = "<group>"; };
		72379A9EC20108D06B4C399E /* SessionStore.swift */ = {isa = PBXFileReference; lastKnownFileType = sourcecode.swift; path = SessionStore.swift; sourceTree = "<group>"; };
		81F41884866BE44C41F86B26 /* Utils.swift */ = {isa = PBXFileReference; lastKnownFileType = sourcecode.swift; path = Utils.swift; sourceTree = "<group>"; };
		89D9252D978952332D13287F /* PacingAlgorithm.swift */ = {isa = PBXFileReference; lastKnownFileType = sourcecode.swift; path = PacingAlgorithm.swift; sourceTree = "<group>"; };
		8FE28216E167830627E495E9 /* PreferencesStore.swift */ = {isa = PBXFileReference; lastKnownFileType = sourcecode.swift; path = PreferencesStore.swift; sourceTree = "<group>"; };
		94836C450D3C6B4024EB8258 /* PagerView.swift */ = {isa = PBXFileReference; lastKnownFileType = sourcecode.swift; path = PagerView.swift; sourceTree = "<group>"; };
		A9E809FB1AA6043C0FF7E24A /* GoogleService-Info.plist */ = {isa = PBXFileReference; lastKnownFileType = text.plist; path = "GoogleService-Info.plist"; sourceTree = "<group>"; };
		BBD216AD4810975EFC9A029C /* CrisisView.swift */ = {isa = PBXFileReference; lastKnownFileType = sourcecode.swift; path = CrisisView.swift; sourceTree = "<group>"; };
		C62998DC41E689AE4FFB7F01 /* ReactiveAlgorithm.swift */ = {isa = PBXFileReference; lastKnownFileType = sourcecode.swift; path = ReactiveAlgorithm.swift; sourceTree = "<group>"; };
		CB715AF0E91950C6FEA0778F /* MessageView.swift */ = {isa = PBXFileReference; lastKnownFileType = sourcecode.swift; path = MessageView.swift; sourceTree = "<group>"; };
		CD6C2F0FA2E11B36E1721D4A /* CognitivePacingAtlasWatchApp.swift */ = {isa = PBXFileReference; lastKnownFileType = sourcecode.swift; path = CognitivePacingAtlasWatchApp.swift; sourceTree = "<group>"; };
		DC5749CD0391E253B2F0DF4F /* Assets.xcassets */ = {isa = PBXFileReference; lastKnownFileType = folder.assetcatalog; path = Assets.xcassets; sourceTree = "<group>"; };
		DD9924DC2C7EDAE981FB6D16 /* CognitiveHub.swift */ = {isa = PBXFileReference; lastKnownFileType = sourcecode.swift; path = CognitiveHub.swift; sourceTree = "<group>"; };
		F05F4CA7E3723689849414FE /* TimeView.swift */ = {isa = PBXFileReference; lastKnownFileType = sourcecode.swift; path = TimeView.swift; sourceTree = "<group>"; };
/* End PBXFileReference section */

/* Begin PBXFrameworksBuildPhase section */
		CF791C228BFA3872AC6CE91C /* Frameworks */ = {
			isa = PBXFrameworksBuildPhase;
			buildActionMask = 2147483647;
			files = (
				70EF09B8E2476E440CC63E02 /* FirebaseAuth in Frameworks */,
			);
			runOnlyForDeploymentPostprocessing = 0;
		};
/* End PBXFrameworksBuildPhase section */

/* Begin PBXGroup section */
		25636118B61708DCAE2187EE /* Firebase */ = {
			isa = PBXGroup;
			children = (
				48FF2C38A48CF440FA4C0C69 /* AuthManager.swift */,
				4C68B9C087CC43176FB99CD7 /* FirestoreCoding.swift */,
				15210E6D3028B33439511519 /* FirestoreREST.swift */,
				8FE28216E167830627E495E9 /* PreferencesStore.swift */,
				72379A9EC20108D06B4C399E /* SessionStore.swift */,
			);
			path = Firebase;
			sourceTree = "<group>";
		};
		55E720398D81A930F8C3EC68 = {
			isa = PBXGroup;
			children = (
				F846295AAAF82B01758164EC /* CognitivePacingAtlasWatch */,
				DC22C2BB7215023BB8C0B14E /* Products */,
			);
			sourceTree = "<group>";
		};
		A8A17B1EAEE775BE602B60EE /* Views */ = {
			isa = PBXGroup;
			children = (
				BBD216AD4810975EFC9A029C /* CrisisView.swift */,
				2A2D5A28FBE973A1D9AEB57D /* MapPageView.swift */,
				CB715AF0E91950C6FEA0778F /* MessageView.swift */,
				94836C450D3C6B4024EB8258 /* PagerView.swift */,
				400BCD32DA07F62556F27774 /* RootView.swift */,
				5C90FED95F231C9AA679D373 /* SignInView.swift */,
				F05F4CA7E3723689849414FE /* TimeView.swift */,
			);
			path = Views;
			sourceTree = "<group>";
		};
		B6CF7911AAC1B2AD881E70DE /* Models */ = {
			isa = PBXGroup;
			children = (
				DD9924DC2C7EDAE981FB6D16 /* CognitiveHub.swift */,
				89D9252D978952332D13287F /* PacingAlgorithm.swift */,
				C62998DC41E689AE4FFB7F01 /* ReactiveAlgorithm.swift */,
				81F41884866BE44C41F86B26 /* Utils.swift */,
			);
			path = Models;
			sourceTree = "<group>";
		};
		DC22C2BB7215023BB8C0B14E /* Products */ = {
			isa = PBXGroup;
			children = (
				56E094147D2B40F70EF39212 /* CognitivePacingAtlasWatch.app */,
			);
			name = Products;
			sourceTree = "<group>";
		};
		F846295AAAF82B01758164EC /* CognitivePacingAtlasWatch */ = {
			isa = PBXGroup;
			children = (
				DC5749CD0391E253B2F0DF4F /* Assets.xcassets */,
				CD6C2F0FA2E11B36E1721D4A /* CognitivePacingAtlasWatchApp.swift */,
				A9E809FB1AA6043C0FF7E24A /* GoogleService-Info.plist */,
				25636118B61708DCAE2187EE /* Firebase */,
				B6CF7911AAC1B2AD881E70DE /* Models */,
				A8A17B1EAEE775BE602B60EE /* Views */,
			);
			path = CognitivePacingAtlasWatch;
			sourceTree = "<group>";
		};
/* End PBXGroup section */

/* Begin PBXNativeTarget section */
		8928A762363AA29469889B83 /* CognitivePacingAtlasWatch */ = {
			isa = PBXNativeTarget;
			buildConfigurationList = AE5B0DC004A4F77BB4EBBAE6 /* Build configuration list for PBXNativeTarget "CognitivePacingAtlasWatch" */;
			buildPhases = (
				4A9D5B31A5D5B595734B609B /* Sources */,
				A6713EA93D1E1327E44A583A /* Resources */,
				CF791C228BFA3872AC6CE91C /* Frameworks */,
			);
			buildRules = (
			);
			dependencies = (
			);
			name = CognitivePacingAtlasWatch;
			packageProductDependencies = (
				BB5947E97B210C9C18D293C6 /* FirebaseAuth */,
			);
			productName = CognitivePacingAtlasWatch;
			productReference = 56E094147D2B40F70EF39212 /* CognitivePacingAtlasWatch.app */;
			productType = "com.apple.product-type.application";
		};
/* End PBXNativeTarget section */

/* Begin PBXProject section */
		73A71235DA5AE2A3A71E58AB /* Project object */ = {
			isa = PBXProject;
			attributes = {
				BuildIndependentTargetsInParallel = YES;
				LastUpgradeCheck = 1430;
				TargetAttributes = {
					8928A762363AA29469889B83 = {
						ProvisioningStyle = Automatic;
					};
				};
			};
			buildConfigurationList = 4E8E5BCA013637E9B07732AC /* Build configuration list for PBXProject "CognitivePacingAtlasWatch" */;
			developmentRegion = en;
			hasScannedForEncodings = 0;
			knownRegions = (
				Base,
				en,
			);
			mainGroup = 55E720398D81A930F8C3EC68;
			minimizedProjectReferenceProxies = 1;
			packageReferences = (
				F4034EA36C5ABD096B70C1FE /* XCRemoteSwiftPackageReference "firebase-ios-sdk" */,
			);
			preferredProjectObjectVersion = 77;
			productRefGroup = DC22C2BB7215023BB8C0B14E /* Products */;
			projectDirPath = "";
			projectRoot = "";
			targets = (
				8928A762363AA29469889B83 /* CognitivePacingAtlasWatch */,
			);
		};
/* End PBXProject section */

/* Begin PBXResourcesBuildPhase section */
		A6713EA93D1E1327E44A583A /* Resources */ = {
			isa = PBXResourcesBuildPhase;
			buildActionMask = 2147483647;
			files = (
				E1879B3B13A7A75BAC32CB6F /* Assets.xcassets in Resources */,
				7305CF428165F808AB9EEE2B /* GoogleService-Info.plist in Resources */,
			);
			runOnlyForDeploymentPostprocessing = 0;
		};
/* End PBXResourcesBuildPhase section */

/* Begin PBXSourcesBuildPhase section */
		4A9D5B31A5D5B595734B609B /* Sources */ = {
			isa = PBXSourcesBuildPhase;
			buildActionMask = 2147483647;
			files = (
				16FC0434FE03B339A628592F /* AuthManager.swift in Sources */,
				4EC8D81AF63AC8166A701A0E /* CognitiveHub.swift in Sources */,
				2C5F62381BD6D8B9E65691C2 /* CognitivePacingAtlasWatchApp.swift in Sources */,
				758215475C137520028216F5 /* CrisisView.swift in Sources */,
				B8F9DF2A7603D86EA97E4AEE /* FirestoreCoding.swift in Sources */,
				895A09CF8D3C83C2F0002A06 /* FirestoreREST.swift in Sources */,
				921371F3565889FF4B8207FE /* MapPageView.swift in Sources */,
				5021E3A1CDF79F9FEF090493 /* MessageView.swift in Sources */,
				C8EBFE88958D180BF4B3D789 /* PacingAlgorithm.swift in Sources */,
				C0D9D864681676F22F61D02E /* PagerView.swift in Sources */,
				54830919FE4213258FAE4474 /* PreferencesStore.swift in Sources */,
				2FE74ECF1B85B93DD9D2E5F3 /* ReactiveAlgorithm.swift in Sources */,
				E66EF47F648B1E918645649F /* RootView.swift in Sources */,
				5861EAF7D2C6FBA12A0049A8 /* SessionStore.swift in Sources */,
				19BF4EAA0A0A2A47F2297088 /* SignInView.swift in Sources */,
				C1973B6FC73634C8ACAD466E /* TimeView.swift in Sources */,
				0A1915EAF450C7A9FE283FF5 /* Utils.swift in Sources */,
			);
			runOnlyForDeploymentPostprocessing = 0;
		};
/* End PBXSourcesBuildPhase section */

/* Begin XCBuildConfiguration section */
		0B9DD43BC850D584910C63DC /* Release */ = {
			isa = XCBuildConfiguration;
			buildSettings = {
				ALWAYS_SEARCH_USER_PATHS = NO;
				CLANG_ANALYZER_NONNULL = YES;
				CLANG_ANALYZER_NUMBER_OBJECT_CONVERSION = YES_AGGRESSIVE;
				CLANG_CXX_LANGUAGE_STANDARD = "gnu++14";
				CLANG_CXX_LIBRARY = "libc++";
				CLANG_ENABLE_MODULES = YES;
				CLANG_ENABLE_OBJC_ARC = YES;
				CLANG_ENABLE_OBJC_WEAK = YES;
				CLANG_WARN_BLOCK_CAPTURE_AUTORELEASING = YES;
				CLANG_WARN_BOOL_CONVERSION = YES;
				CLANG_WARN_COMMA = YES;
				CLANG_WARN_CONSTANT_CONVERSION = YES;
				CLANG_WARN_DEPRECATED_OBJC_IMPLEMENTATIONS = YES;
				CLANG_WARN_DIRECT_OBJC_ISA_USAGE = YES_ERROR;
				CLANG_WARN_DOCUMENTATION_COMMENTS = YES;
				CLANG_WARN_EMPTY_BODY = YES;
				CLANG_WARN_ENUM_CONVERSION = YES;
				CLANG_WARN_INFINITE_RECURSION = YES;
				CLANG_WARN_INT_CONVERSION = YES;
				CLANG_WARN_NON_LITERAL_NULL_CONVERSION = YES;
				CLANG_WARN_OBJC_IMPLICIT_RETAIN_SELF = YES;
				CLANG_WARN_OBJC_LITERAL_CONVERSION = YES;
				CLANG_WARN_OBJC_ROOT_CLASS = YES_ERROR;
				CLANG_WARN_QUOTED_INCLUDE_IN_FRAMEWORK_HEADER = YES;
				CLANG_WARN_RANGE_LOOP_ANALYSIS = YES;
				CLANG_WARN_STRICT_PROTOTYPES = YES;
				CLANG_WARN_SUSPICIOUS_MOVE = YES;
				CLANG_WARN_UNGUARDED_AVAILABILITY = YES_AGGRESSIVE;
				CLANG_WARN_UNREACHABLE_CODE = YES;
				CLANG_WARN__DUPLICATE_METHOD_MATCH = YES;
				COPY_PHASE_STRIP = NO;
				DEBUG_INFORMATION_FORMAT = "dwarf-with-dsym";
				ENABLE_NS_ASSERTIONS = NO;
				ENABLE_STRICT_OBJC_MSGSEND = YES;
				GCC_C_LANGUAGE_STANDARD = gnu11;
				GCC_NO_COMMON_BLOCKS = YES;
				GCC_WARN_64_TO_32_BIT_CONVERSION = YES;
				GCC_WARN_ABOUT_RETURN_TYPE = YES_ERROR;
				GCC_WARN_UNDECLARED_SELECTOR = YES;
				GCC_WARN_UNINITIALIZED_AUTOS = YES_AGGRESSIVE;
				GCC_WARN_UNUSED_FUNCTION = YES;
				GCC_WARN_UNUSED_VARIABLE = YES;
				MTL_ENABLE_DEBUG_INFO = NO;
				MTL_FAST_MATH = YES;
				PRODUCT_NAME = "$(TARGET_NAME)";
				SDKROOT = watchos;
				SWIFT_COMPILATION_MODE = wholemodule;
				SWIFT_OPTIMIZATION_LEVEL = "-O";
				SWIFT_VERSION = 5.0;
				WATCHOS_DEPLOYMENT_TARGET = 10.0;
			};
			name = Release;
		};
		31680E2F2009A44A195EBEA1 /* Debug */ = {
			isa = XCBuildConfiguration;
			buildSettings = {
				ASSETCATALOG_COMPILER_APPICON_NAME = AppIcon;
				CODE_SIGN_STYLE = Automatic;
				CURRENT_PROJECT_VERSION = 1;
				ENABLE_PREVIEWS = YES;
				INFOPLIST_FILE = CognitivePacingAtlasWatch/Info.plist;
				MARKETING_VERSION = 1.0;
				PRODUCT_BUNDLE_IDENTIFIER = com.antonioflores.CognitivePacingAtlasWatch;
				SDKROOT = watchos;
				SKIP_INSTALL = YES;
				SUPPORTS_MACCATALYST = NO;
				SWIFT_VERSION = 5.0;
				TARGETED_DEVICE_FAMILY = 4;
				WATCHOS_DEPLOYMENT_TARGET = 10.0;
			};
			name = Debug;
		};
		5F554EB9DBA34C6B22F5B011 /* Debug */ = {
			isa = XCBuildConfiguration;
			buildSettings = {
				ALWAYS_SEARCH_USER_PATHS = NO;
				CLANG_ANALYZER_NONNULL = YES;
				CLANG_ANALYZER_NUMBER_OBJECT_CONVERSION = YES_AGGRESSIVE;
				CLANG_CXX_LANGUAGE_STANDARD = "gnu++14";
				CLANG_CXX_LIBRARY = "libc++";
				CLANG_ENABLE_MODULES = YES;
				CLANG_ENABLE_OBJC_ARC = YES;
				CLANG_ENABLE_OBJC_WEAK = YES;
				CLANG_WARN_BLOCK_CAPTURE_AUTORELEASING = YES;
				CLANG_WARN_BOOL_CONVERSION = YES;
				CLANG_WARN_COMMA = YES;
				CLANG_WARN_CONSTANT_CONVERSION = YES;
				CLANG_WARN_DEPRECATED_OBJC_IMPLEMENTATIONS = YES;
				CLANG_WARN_DIRECT_OBJC_ISA_USAGE = YES_ERROR;
				CLANG_WARN_DOCUMENTATION_COMMENTS = YES;
				CLANG_WARN_EMPTY_BODY = YES;
				CLANG_WARN_ENUM_CONVERSION = YES;
				CLANG_WARN_INFINITE_RECURSION = YES;
				CLANG_WARN_INT_CONVERSION = YES;
				CLANG_WARN_NON_LITERAL_NULL_CONVERSION = YES;
				CLANG_WARN_OBJC_IMPLICIT_RETAIN_SELF = YES;
				CLANG_WARN_OBJC_LITERAL_CONVERSION = YES;
				CLANG_WARN_OBJC_ROOT_CLASS = YES_ERROR;
				CLANG_WARN_QUOTED_INCLUDE_IN_FRAMEWORK_HEADER = YES;
				CLANG_WARN_RANGE_LOOP_ANALYSIS = YES;
				CLANG_WARN_STRICT_PROTOTYPES = YES;
				CLANG_WARN_SUSPICIOUS_MOVE = YES;
				CLANG_WARN_UNGUARDED_AVAILABILITY = YES_AGGRESSIVE;
				CLANG_WARN_UNREACHABLE_CODE = YES;
				CLANG_WARN__DUPLICATE_METHOD_MATCH = YES;
				COPY_PHASE_STRIP = NO;
				DEBUG_INFORMATION_FORMAT = dwarf;
				ENABLE_STRICT_OBJC_MSGSEND = YES;
				ENABLE_TESTABILITY = YES;
				GCC_C_LANGUAGE_STANDARD = gnu11;
				GCC_DYNAMIC_NO_PIC = NO;
				GCC_NO_COMMON_BLOCKS = YES;
				GCC_OPTIMIZATION_LEVEL = 0;
				GCC_PREPROCESSOR_DEFINITIONS = (
					"$(inherited)",
					"DEBUG=1",
				);
				GCC_WARN_64_TO_32_BIT_CONVERSION = YES;
				GCC_WARN_ABOUT_RETURN_TYPE = YES_ERROR;
				GCC_WARN_UNDECLARED_SELECTOR = YES;
				GCC_WARN_UNINITIALIZED_AUTOS = YES_AGGRESSIVE;
				GCC_WARN_UNUSED_FUNCTION = YES;
				GCC_WARN_UNUSED_VARIABLE = YES;
				MTL_ENABLE_DEBUG_INFO = INCLUDE_SOURCE;
				MTL_FAST_MATH = YES;
				ONLY_ACTIVE_ARCH = YES;
				PRODUCT_NAME = "$(TARGET_NAME)";
				SDKROOT = watchos;
				SWIFT_ACTIVE_COMPILATION_CONDITIONS = DEBUG;
				SWIFT_OPTIMIZATION_LEVEL = "-Onone";
				SWIFT_VERSION = 5.0;
				WATCHOS_DEPLOYMENT_TARGET = 10.0;
			};
			name = Debug;
		};
		B2DE37C3A69E9A9C0C8B0F00 /* Release */ = {
			isa = XCBuildConfiguration;
			buildSettings = {
				ASSETCATALOG_COMPILER_APPICON_NAME = AppIcon;
				CODE_SIGN_STYLE = Automatic;
				CURRENT_PROJECT_VERSION = 1;
				ENABLE_PREVIEWS = YES;
				INFOPLIST_FILE = CognitivePacingAtlasWatch/Info.plist;
				MARKETING_VERSION = 1.0;
				PRODUCT_BUNDLE_IDENTIFIER = com.antonioflores.CognitivePacingAtlasWatch;
				SDKROOT = watchos;
				SKIP_INSTALL = YES;
				SUPPORTS_MACCATALYST = NO;
				SWIFT_VERSION = 5.0;
				TARGETED_DEVICE_FAMILY = 4;
				WATCHOS_DEPLOYMENT_TARGET = 10.0;
			};
			name = Release;
		};
/* End XCBuildConfiguration section */

/* Begin XCConfigurationList section */
		4E8E5BCA013637E9B07732AC /* Build configuration list for PBXProject "CognitivePacingAtlasWatch" */ = {
			isa = XCConfigurationList;
			buildConfigurations = (
				5F554EB9DBA34C6B22F5B011 /* Debug */,
				0B9DD43BC850D584910C63DC /* Release */,
			);
			defaultConfigurationIsVisible = 0;
			defaultConfigurationName = Debug;
		};
		AE5B0DC004A4F77BB4EBBAE6 /* Build configuration list for PBXNativeTarget "CognitivePacingAtlasWatch" */ = {
			isa = XCConfigurationList;
			buildConfigurations = (
				31680E2F2009A44A195EBEA1 /* Debug */,
				B2DE37C3A69E9A9C0C8B0F00 /* Release */,
			);
			defaultConfigurationIsVisible = 0;
			defaultConfigurationName = Debug;
		};
/* End XCConfigurationList section */

/* Begin XCRemoteSwiftPackageReference section */
		F4034EA36C5ABD096B70C1FE /* XCRemoteSwiftPackageReference "firebase-ios-sdk" */ = {
			isa = XCRemoteSwiftPackageReference;
			repositoryURL = "https://github.com/firebase/firebase-ios-sdk";
			requirement = {
				kind = upToNextMajorVersion;
				minimumVersion = 10.0.0;
			};
		};
/* End XCRemoteSwiftPackageReference section */

/* Begin XCSwiftPackageProductDependency section */
		BB5947E97B210C9C18D293C6 /* FirebaseAuth */ = {
			isa = XCSwiftPackageProductDependency;
			package = F4034EA36C5ABD096B70C1FE /* XCRemoteSwiftPackageReference "firebase-ios-sdk" */;
			productName = FirebaseAuth;
		};
/* End XCSwiftPackageProductDependency section */
	};
	rootObject = 73A71235DA5AE2A3A71E58AB /* Project object */;
}
